// !$*UTF8*$!
{
	archiveVersion = 1;
	classes = {
	};
	objectVersion = 46;
	objects = {

/* Begin PBXBuildFile section */
		6F99530F1E88AE2800F6A84B /* main.m in Sources */ = {isa = PBXBuildFile; fileRef = 6F99530E1E88AE2800F6A84B /* main.m */; };
		6F99531A1E88AE2800F6A84B /* Assets.xcassets in Resources */ = {isa = PBXBuildFile; fileRef = 6F9953191E88AE2800F6A84B /* Assets.xcassets */; };
		6F99531D1E88AE2800F6A84B /* LaunchScreen.storyboard in Resources */ = {isa = PBXBuildFile; fileRef = 6F99531B1E88AE2800F6A84B /* LaunchScreen.storyboard */; };
		6F9953301E88AE5400F6A84B /* HJFullscreenPopGestureRecognizerView.m in Sources */ = {isa = PBXBuildFile; fileRef = 6F9953271E88AE5400F6A84B /* HJFullscreenPopGestureRecognizerView.m */; };
		6F9953311E88AE5400F6A84B /* UINavigationController+HJFullscreenPopGestureRecognizer.m in Sources */ = {isa = PBXBuildFile; fileRef = 6F9953291E88AE5400F6A84B /* UINavigationController+HJFullscreenPopGestureRecognizer.m */; };
		6F9953321E88AE5400F6A84B /* UIView+HJFullscreenPopGestureRecognizer.m in Sources */ = {isa = PBXBuildFile; fileRef = 6F99532B1E88AE5400F6A84B /* UIView+HJFullscreenPopGestureRecognizer.m */; };
		6F9953331E88AE5400F6A84B /* UIViewController+HJFullscreenPopGestureRecognizer.m in Sources */ = {isa = PBXBuildFile; fileRef = 6F99532D1E88AE5400F6A84B /* UIViewController+HJFullscreenPopGestureRecognizer.m */; };
		6F9953341E88AE5400F6A84B /* UIWindow+HJFullscreenPopGestureRecognizer.m in Sources */ = {isa = PBXBuildFile; fileRef = 6F99532F1E88AE5400F6A84B /* UIWindow+HJFullscreenPopGestureRecognizer.m */; };
		6F9953431E88AE6B00F6A84B /* AppDelegate.m in Sources */ = {isa = PBXBuildFile; fileRef = 6F9953361E88AE6B00F6A84B /* AppDelegate.m */; };
		6F9953441E88AE6B00F6A84B /* FirstController.m in Sources */ = {isa = PBXBuildFile; fileRef = 6F9953381E88AE6B00F6A84B /* FirstController.m */; };
		6F9953451E88AE6B00F6A84B /* FirstController.xib in Resources */ = {isa = PBXBuildFile; fileRef = 6F9953391E88AE6B00F6A84B /* FirstController.xib */; };
		6F9953461E88AE6B00F6A84B /* MainViewController.m in Sources */ = {isa = PBXBuildFile; fileRef = 6F99533B1E88AE6B00F6A84B /* MainViewController.m */; };
		6F9953471E88AE6B00F6A84B /* MainViewController.xib in Resources */ = {isa = PBXBuildFile; fileRef = 6F99533C1E88AE6B00F6A84B /* MainViewController.xib */; };
		6F9953481E88AE6B00F6A84B /* SecondController.m in Sources */ = {isa = PBXBuildFile; fileRef = 6F99533E1E88AE6B00F6A84B /* SecondController.m */; };
		6F9953491E88AE6B00F6A84B /* SecondController.xib in Resources */ = {isa = PBXBuildFile; fileRef = 6F99533F1E88AE6B00F6A84B /* SecondController.xib */; };
		6F99534A1E88AE6B00F6A84B /* ThirdController.m in Sources */ = {isa = PBXBuildFile; fileRef = 6F9953411E88AE6B00F6A84B /* ThirdController.m */; };
		6F99534B1E88AE6B00F6A84B /* ThirdController.xib in Resources */ = {isa = PBXBuildFile; fileRef = 6F9953421E88AE6B00F6A84B /* ThirdController.xib */; };
/* End PBXBuildFile section */

/* Begin PBXFileReference section */
		6F99530A1E88AE2800F6A84B /* HJFullscreenPopGestureRecognizerDemo.app */ = {isa = PBXFileReference; explicitFileType = wrapper.application; includeInIndex = 0; path = HJFullscreenPopGestureRecognizerDemo.app; sourceTree = BUILT_PRODUCTS_DIR; };
		6F99530E1E88AE2800F6A84B /* main.m */ = {isa = PBXFileReference; lastKnownFileType = sourcecode.c.objc; path = main.m; sourceTree = "<group>"; };
		6F9953191E88AE2800F6A84B /* Assets.xcassets */ = {isa = PBXFileReference; lastKnownFileType = folder.assetcatalog; path = Assets.xcassets; sourceTree = "<group>"; };
		6F99531C1E88AE2800F6A84B /* Base */ = {isa = PBXFileReference; lastKnownFileType = file.storyboard; name = Base; path = Base.lproj/LaunchScreen.storyboard; sourceTree = "<group>"; };
		6F99531E1E88AE2800F6A84B /* Info.plist */ = {isa = PBXFileReference; lastKnownFileType = text.plist.xml; path = Info.plist; sourceTree = "<group>"; };
		6F9953251E88AE5400F6A84B /* HJFullscreenPopGestureRecognizer.h */ = {isa = PBXFileReference; fileEncoding = 4; lastKnownFileType = sourcecode.c.h; path = HJFullscreenPopGestureRecognizer.h; sourceTree = "<group>"; };
		6F9953261E88AE5400F6A84B /* HJFullscreenPopGestureRecognizerView.h */ = {isa = PBXFileReference; fileEncoding = 4; lastKnownFileType = sourcecode.c.h; path = HJFullscreenPopGestureRecognizerView.h; sourceTree = "<group>"; };
		6F9953271E88AE5400F6A84B /* HJFullscreenPopGestureRecognizerView.m */ = {isa = PBXFileReference; fileEncoding = 4; lastKnownFileType = sourcecode.c.objc; path = HJFullscreenPopGestureRecognizerView.m; sourceTree = "<group>"; };
		6F9953281E88AE5400F6A84B /* UINavigationController+HJFullscreenPopGestureRecognizer.h */ = {isa = PBXFileReference; fileEncoding = 4; lastKnownFileType = sourcecode.c.h; path = "UINavigationController+HJFullscreenPopGestureRecognizer.h"; sourceTree = "<group>"; };
		6F9953291E88AE5400F6A84B /* UINavigationController+HJFullscreenPopGestureRecognizer.m */ = {isa = PBXFileReference; fileEncoding = 4; lastKnownFileType = sourcecode.c.objc; path = "UINavigationController+HJFullscreenPopGestureRecognizer.m"; sourceTree = "<group>"; };
		6F99532A1E88AE5400F6A84B /* UIView+HJFullscreenPopGestureRecognizer.h */ = {isa = PBXFileReference; fileEncoding = 4; lastKnownFileType = sourcecode.c.h; path = "UIView+HJFullscreenPopGestureRecognizer.h"; sourceTree = "<group>"; };
		6F99532B1E88AE5400F6A84B /* UIView+HJFullscreenPopGestureRecognizer.m */ = {isa = PBXFileReference; fileEncoding = 4; lastKnownFileType = sourcecode.c.objc; path = "UIView+HJFullscreenPopGestureRecognizer.m"; sourceTree = "<group>"; };
		6F99532C1E88AE5400F6A84B /* UIViewController+HJFullscreenPopGestureRecognizer.h */ = {isa = PBXFileReference; fileEncoding = 4; lastKnownFileType = sourcecode.c.h; path = "UIViewController+HJFullscreenPopGestureRecognizer.h"; sourceTree = "<group>"; };
		6F99532D1E88AE5400F6A84B /* UIViewController+HJFullscreenPopGestureRecognizer.m */ = {isa = PBXFileReference; fileEncoding = 4; lastKnownFileType = sourcecode.c.objc; path = "UIViewController+HJFullscreenPopGestureRecognizer.m"; sourceTree = "<group>"; };
		6F99532E1E88AE5400F6A84B /* UIWindow+HJFullscreenPopGestureRecognizer.h */ = {isa = PBXFileReference; fileEncoding = 4; lastKnownFileType = sourcecode.c.h; path = "UIWindow+HJFullscreenPopGestureRecognizer.h"; sourceTree = "<group>"; };
		6F99532F1E88AE5400F6A84B /* UIWindow+HJFullscreenPopGestureRecognizer.m */ = {isa = PBXFileReference; fileEncoding = 4; lastKnownFileType = sourcecode.c.objc; path = "UIWindow+HJFullscreenPopGestureRecognizer.m"; sourceTree = "<group>"; };
		6F9953351E88AE6B00F6A84B /* AppDelegate.h */ = {isa = PBXFileReference; fileEncoding = 4; lastKnownFileType = sourcecode.c.h; path = AppDelegate.h; sourceTree = "<group>"; };
		6F9953361E88AE6B00F6A84B /* AppDelegate.m */ = {isa = PBXFileReference; fileEncoding = 4; lastKnownFileType = sourcecode.c.objc; path = AppDelegate.m; sourceTree = "<group>"; };
		6F9953371E88AE6B00F6A84B /* FirstController.h */ = {isa = PBXFileReference; fileEncoding = 4; lastKnownFileType = sourcecode.c.h; path = FirstController.h; sourceTree = "<group>"; };
		6F9953381E88AE6B00F6A84B /* FirstController.m */ = {isa = PBXFileReference; fileEncoding = 4; lastKnownFileType = sourcecode.c.objc; path = FirstController.m; sourceTree = "<group>"; };
		6F9953391E88AE6B00F6A84B /* FirstController.xib */ = {isa = PBXFileReference; fileEncoding = 4; lastKnownFileType = file.xib; path = FirstController.xib; sourceTree = "<group>"; };
		6F99533A1E88AE6B00F6A84B /* MainViewController.h */ = {isa = PBXFileReference; fileEncoding = 4; lastKnownFileType = sourcecode.c.h; path = MainViewController.h; sourceTree = "<group>"; };
		6F99533B1E88AE6B00F6A84B /* MainViewController.m */ = {isa = PBXFileReference; fileEncoding = 4; lastKnownFileType = sourcecode.c.objc; path = MainViewController.m; sourceTree = "<group>"; };
		6F99533C1E88AE6B00F6A84B /* MainViewController.xib */ = {isa = PBXFileReference; fileEncoding = 4; lastKnownFileType = file.xib; path = MainViewController.xib; sourceTree = "<group>"; };
		6F99533D1E88AE6B00F6A84B /* SecondController.h */ = {isa = PBXFileReference; fileEncoding = 4; lastKnownFileType = sourcecode.c.h; path = SecondController.h; sourceTree = "<group>"; };
		6F99533E1E88AE6B00F6A84B /* SecondController.m */ = {isa = PBXFileReference; fileEncoding = 4; lastKnownFileType = sourcecode.c.objc; path = SecondController.m; sourceTree = "<group>"; };
		6F99533F1E88AE6B00F6A84B /* SecondController.xib */ = {isa = PBXFileReference; fileEncoding = 4; lastKnownFileType = file.xib; path = SecondController.xib; sourceTree = "<group>"; };
		6F9953401E88AE6B00F6A84B /* ThirdController.h */ = {isa = PBXFileReference; fileEncoding = 4; lastKnownFileType = sourcecode.c.h; path = ThirdController.h; sourceTree = "<group>"; };
		6F9953411E88AE6B00F6A84B /* ThirdController.m */ = {isa = PBXFileReference; fileEncoding = 4; lastKnownFileType = sourcecode.c.objc; path = ThirdController.m; sourceTree = "<group>"; };
		6F9953421E88AE6B00F6A84B /* ThirdController.xib */ = {isa = PBXFileReference; fileEncoding = 4; lastKnownFileType = file.xib; path = ThirdController.xib; sourceTree = "<group>"; };
/* End PBXFileReference section */

/* Begin PBXFrameworksBuildPhase section */
		6F9953071E88AE2800F6A84B /* Frameworks */ = {
			isa = PBXFrameworksBuildPhase;
			buildActionMask = 2147483647;
			files = (
			);
			runOnlyForDeploymentPostprocessing = 0;
		};
/* End PBXFrameworksBuildPhase section */

/* Begin PBXGroup section */
		6F9953011E88AE2800F6A84B = {
			isa = PBXGroup;
			children = (
				6F99530C1E88AE2800F6A84B /* HJFullscreenPopGestureRecognizerDemo */,
				6F99530B1E88AE2800F6A84B /* Products */,
			);
			sourceTree = "<group>";
		};
		6F99530B1E88AE2800F6A84B /* Products */ = {
			isa = PBXGroup;
			children = (
				6F99530A1E88AE2800F6A84B /* HJFullscreenPopGestureRecognizerDemo.app */,
			);
			name = Products;
			sourceTree = "<group>";
		};
		6F99530C1E88AE2800F6A84B /* HJFullscreenPopGestureRecognizerDemo */ = {
			isa = PBXGroup;
			children = (
				6F9953351E88AE6B00F6A84B /* AppDelegate.h */,
				6F9953361E88AE6B00F6A84B /* AppDelegate.m */,
				6F9953371E88AE6B00F6A84B /* FirstController.h */,
				6F9953381E88AE6B00F6A84B /* FirstController.m */,
				6F9953391E88AE6B00F6A84B /* FirstController.xib */,
				6F99533A1E88AE6B00F6A84B /* MainViewController.h */,
				6F99533B1E88AE6B00F6A84B /* MainViewController.m */,
				6F99533C1E88AE6B00F6A84B /* MainViewController.xib */,
				6F99533D1E88AE6B00F6A84B /* SecondController.h */,
				6F99533E1E88AE6B00F6A84B /* SecondController.m */,
				6F99533F1E88AE6B00F6A84B /* SecondController.xib */,
				6F9953401E88AE6B00F6A84B /* ThirdController.h */,
				6F9953411E88AE6B00F6A84B /* ThirdController.m */,
				6F9953421E88AE6B00F6A84B /* ThirdController.xib */,
				6F9953241E88AE5400F6A84B /* HJFullscreenPopGestureRecognizer */,
				6F9953191E88AE2800F6A84B /* Assets.xcassets */,
				6F99531B1E88AE2800F6A84B /* LaunchScreen.storyboard */,
				6F99531E1E88AE2800F6A84B /* Info.plist */,
				6F99530D1E88AE2800F6A84B /* Supporting Files */,
			);
			path = HJFullscreenPopGestureRecognizerDemo;
			sourceTree = "<group>";
		};
		6F99530D1E88AE2800F6A84B /* Supporting Files */ = {
			isa = PBXGroup;
			children = (
				6F99530E1E88AE2800F6A84B /* main.m */,
			);
			name = "Supporting Files";
			sourceTree = "<group>";
		};
		6F9953241E88AE5400F6A84B /* HJFullscreenPopGestureRecognizer */ = {
			isa = PBXGroup;
			children = (
				6F9953251E88AE5400F6A84B /* HJFullscreenPopGestureRecognizer.h */,
				6F9953261E88AE5400F6A84B /* HJFullscreenPopGestureRecognizerView.h */,
				6F9953271E88AE5400F6A84B /* HJFullscreenPopGestureRecognizerView.m */,
				6F9953281E88AE5400F6A84B /* UINavigationController+HJFullscreenPopGestureRecognizer.h */,
				6F9953291E88AE5400F6A84B /* UINavigationController+HJFullscreenPopGestureRecognizer.m */,
				6F99532A1E88AE5400F6A84B /* UIView+HJFullscreenPopGestureRecognizer.h */,
				6F99532B1E88AE5400F6A84B /* UIView+HJFullscreenPopGestureRecognizer.m */,
				6F99532C1E88AE5400F6A84B /* UIViewController+HJFullscreenPopGestureRecognizer.h */,
				6F99532D1E88AE5400F6A84B /* UIViewController+HJFullscreenPopGestureRecognizer.m */,
				6F99532E1E88AE5400F6A84B /* UIWindow+HJFullscreenPopGestureRecognizer.h */,
				6F99532F1E88AE5400F6A84B /* UIWindow+HJFullscreenPopGestureRecognizer.m */,
			);
			path = HJFullscreenPopGestureRecognizer;
			sourceTree = "<group>";
		};
/* End PBXGroup section */

/* Begin PBXNativeTarget section */
		6F9953091E88AE2800F6A84B /* HJFullscreenPopGestureRecognizerDemo */ = {
			isa = PBXNativeTarget;
			buildConfigurationList = 6F9953211E88AE2800F6A84B /* Build configuration list for PBXNativeTarget "HJFullscreenPopGestureRecognizerDemo" */;
			buildPhases = (
				6F9953061E88AE2800F6A84B /* Sources */,
				6F9953071E88AE2800F6A84B /* Frameworks */,
				6F9953081E88AE2800F6A84B /* Resources */,
			);
			buildRules = (
			);
			dependencies = (
			);
			name = HJFullscreenPopGestureRecognizerDemo;
			productName = HJFullscreenPopGestureRecognizerDemo;
			productReference = 6F99530A1E88AE2800F6A84B /* HJFullscreenPopGestureRecognizerDemo.app */;
			productType = "com.apple.product-type.application";
		};
/* End PBXNativeTarget section */

/* Begin PBXProject section */
		6F9953021E88AE2800F6A84B /* Project object */ = {
			isa = PBXProject;
			attributes = {
				LastUpgradeCheck = 0820;
				ORGANIZATIONNAME = "广州方鼎软件科技发展有限公司";
				TargetAttributes = {
					6F9953091E88AE2800F6A84B = {
						CreatedOnToolsVersion = 8.2.1;
						DevelopmentTeam = LD57J9BHN6;
						ProvisioningStyle = Automatic;
					};
				};
			};
			buildConfigurationList = 6F9953051E88AE2800F6A84B /* Build configuration list for PBXProject "HJFullscreenPopGestureRecognizerDemo" */;
			compatibilityVersion = "Xcode 3.2";
			developmentRegion = English;
			hasScannedForEncodings = 0;
			knownRegions = (
				en,
				Base,
			);
			mainGroup = 6F9953011E88AE2800F6A84B;
			productRefGroup = 6F99530B1E88AE2800F6A84B /* Products */;
			projectDirPath = "";
			projectRoot = "";
			targets = (
				6F9953091E88AE2800F6A84B /* HJFullscreenPopGestureRecognizerDemo */,
			);
		};
/* End PBXProject section */

/* Begin PBXResourcesBuildPhase section */
		6F9953081E88AE2800F6A84B /* Resources */ = {
			isa = PBXResourcesBuildPhase;
			buildActionMask = 2147483647;
			files = (
				6F99531D1E88AE2800F6A84B /* LaunchScreen.storyboard in Resources */,
				6F9953451E88AE6B00F6A84B /* FirstController.xib in Resources */,
				6F99531A1E88AE2800F6A84B /* Assets.xcassets in Resources */,
				6F9953491E88AE6B00F6A84B /* SecondController.xib in Resources */,
				6F9953471E88AE6B00F6A84B /* MainViewController.xib in Resources */,
				6F99534B1E88AE6B00F6A84B /* ThirdController.xib in Resources */,
			);
			runOnlyForDeploymentPostprocessing = 0;
		};
/* End PBXResourcesBuildPhase section */

/* Begin PBXSourcesBuildPhase section */
		6F9953061E88AE2800F6A84B /* Sources */ = {
			isa = PBXSourcesBuildPhase;
			buildActionMask = 2147483647;
			files = (
				6F9953441E88AE6B00F6A84B /* FirstController.m in Sources */,
				6F9953341E88AE5400F6A84B /* UIWindow+HJFullscreenPopGestureRecognizer.m in Sources */,
				6F99530F1E88AE2800F6A84B /* main.m in Sources */,
				6F99534A1E88AE6B00F6A84B /* ThirdController.m in Sources */,
				6F9953331E88AE5400F6A84B /* UIViewController+HJFullscreenPopGestureRecognizer.m in Sources */,
				6F9953461E88AE6B00F6A84B /* MainViewController.m in Sources */,
				6F9953301E88AE5400F6A84B /* HJFullscreenPopGestureRecognizerView.m in Sources */,
				6F9953311E88AE5400F6A84B /* UINavigationController+HJFullscreenPopGestureRecognizer.m in Sources */,
				6F9953481E88AE6B00F6A84B /* SecondController.m in Sources */,
				6F9953321E88AE5400F6A84B /* UIView+HJFullscreenPopGestureRecognizer.m in Sources */,
				6F9953431E88AE6B00F6A84B /* AppDelegate.m in Sources */,
			);
			runOnlyForDeploymentPostprocessing = 0;
		};
/* End PBXSourcesBuildPhase section */

/* Begin PBXVariantGroup section */
		6F99531B1E88AE2800F6A84B /* LaunchScreen.storyboard */ = {
			isa = PBXVariantGroup;
			children = (
				6F99531C1E88AE2800F6A84B /* Base */,
			);
			name = LaunchScreen.storyboard;
			sourceTree = "<group>";
		};
/* End PBXVariantGroup section */

/* Begin XCBuildConfiguration section */
		6F99531F1E88AE2800F6A84B /* Debug */ = {
			isa = XCBuildConfiguration;
			buildSettings = {
				ALWAYS_SEARCH_USER_PATHS = NO;
				CLANG_ANALYZER_NONNULL = YES;
				CLANG_CXX_LANGUAGE_STANDARD = "gnu++0x";
				CLANG_CXX_LIBRARY = "libc++";
				CLANG_ENABLE_MODULES = YES;
				CLANG_ENABLE_OBJC_ARC = YES;
				CLANG_WARN_BOOL_CONVERSION = YES;
				CLANG_WARN_CONSTANT_CONVERSION = YES;
				CLANG_WARN_DIRECT_OBJC_ISA_USAGE = YES_ERROR;
				CLANG_WARN_DOCUMENTATION_COMMENTS = YES;
				CLANG_WARN_EMPTY_BODY = YES;
				CLANG_WARN_ENUM_CONVERSION = YES;
				CLANG_WARN_INFINITE_RECURSION = YES;
				CLANG_WARN_INT_CONVERSION = YES;
				CLANG_WARN_OBJC_ROOT_CLASS = YES_ERROR;
				CLANG_WARN_SUSPICIOUS_MOVE = YES;
				CLANG_WARN_UNREACHABLE_CODE = YES;
				CLANG_WARN__DUPLICATE_METHOD_MATCH = YES;
				"CODE_SIGN_IDENTITY[sdk=iphoneos*]" = "iPhone Developer";
				COPY_PHASE_STRIP = NO;
				DEBUG_INFORMATION_FORMAT = dwarf;
				ENABLE_STRICT_OBJC_MSGSEND = YES;
				ENABLE_TESTABILITY = YES;
				GCC_C_LANGUAGE_STANDARD = gnu99;
				GCC_DYNAMIC_NO_PIC = NO;
				GCC_NO_COMMON_BLOCKS = YES;
				GCC_OPTIMIZATION_LEVEL = 0;
				GCC_PREPROCESSOR_DEFINITIONS = (
					"DEBUG=1",
					"$(inherited)",
				);
				GCC_WARN_64_TO_32_BIT_CONVERSION = YES;
				GCC_WARN_ABOUT_RETURN_TYPE = YES_ERROR;
				GCC_WARN_UNDECLARED_SELECTOR = YES;
				GCC_WARN_UNINITIALIZED_AUTOS = YES_AGGRESSIVE;
				GCC_WARN_UNUSED_FUNCTION = YES;
				GCC_WARN_UNUSED_VARIABLE = YES;
				IPHONEOS_DEPLOYMENT_TARGET = 10.2;
				MTL_ENABLE_DEBUG_INFO = YES;
				ONLY_ACTIVE_ARCH = YES;
				SDKROOT = iphoneos;
			};
			name = Debug;
		};
		6F9953201E88AE2800F6A84B /* Release */ = {
			isa = XCBuildConfiguration;
			buildSettings = {
				ALWAYS_SEARCH_USER_PATHS = NO;
				CLANG_ANALYZER_NONNULL = YES;
				CLANG_CXX_LANGUAGE_STANDARD = "gnu++0x";
				CLANG_CXX_LIBRARY = "libc++";
				CLANG_ENABLE_MODULES = YES;
				CLANG_ENABLE_OBJC_ARC = YES;
				CLANG_WARN_BOOL_CONVERSION = YES;
				CLANG_WARN_CONSTANT_CONVERSION = YES;
				CLANG_WARN_DIRECT_OBJC_ISA_USAGE = YES_ERROR;
				CLANG_WARN_DOCUMENTATION_COMMENTS = YES;
				CLANG_WARN_EMPTY_BODY = YES;
				CLANG_WARN_ENUM_CONVERSION = YES;
				CLANG_WARN_INFINITE_RECURSION = YES;
				CLANG_WARN_INT_CONVERSION = YES;
				CLANG_WARN_OBJC_ROOT_CLASS = YES_ERROR;
				CLANG_WARN_SUSPICIOUS_MOVE = YES;
				CLANG_WARN_UNREACHABLE_CODE = YES;
				CLANG_WARN__DUPLICATE_METHOD_MATCH = YES;
				"CODE_SIGN_IDENTITY[sdk=iphoneos*]" = "iPhone Developer";
				COPY_PHASE_STRIP = NO;
				DEBUG_INFORMATION_FORMAT = "dwarf-with-dsym";
				ENABLE_NS_ASSERTIONS = NO;
				ENABLE_STRICT_OBJC_MSGSEND = YES;
				GCC_C_LANGUAGE_STANDARD = gnu99;
				GCC_NO_COMMON_BLOCKS = YES;
				GCC_WARN_64_TO_32_BIT_CONVERSION = YES;
				GCC_WARN_ABOUT_RETURN_TYPE = YES_ERROR;
				GCC_WARN_UNDECLARED_SELECTOR = YES;
				GCC_WARN_UNINITIALIZED_AUTOS = YES_AGGRESSIVE;
				GCC_WARN_UNUSED_FUNCTION = YES;
				GCC_WARN_UNUSED_VARIABLE = YES;
				IPHONEOS_DEPLOYMENT_TARGET = 10.2;
				MTL_ENABLE_DEBUG_INFO = NO;
				SDKROOT = iphoneos;
				VALIDATE_PRODUCT = YES;
			};
			name = Release;
		};
		6F9953221E88AE2800F6A84B /* Debug */ = {
			isa = XCBuildConfiguration;
			buildSettings = {
				ASSETCATALOG_COMPILER_APPICON_NAME = AppIcon;
				DEVELOPMENT_TEAM = LD57J9BHN6;
				INFOPLIST_FILE = HJFullscreenPopGestureRecognizerDemo/Info.plist;
				IPHONEOS_DEPLOYMENT_TARGET = 8.0;
				LD_RUNPATH_SEARCH_PATHS = "$(inherited) @executable_path/Frameworks";
				PRODUCT_BUNDLE_IDENTIFIER = com.HJFullscreenPopGestureRecognizerDemo;
				PRODUCT_NAME = "$(TARGET_NAME)";
			};
			name = Debug;
		};
		6F9953231E88AE2800F6A84B /* Release */ = {
			isa = XCBuildConfiguration;
			buildSettings = {
				ASSETCATALOG_COMPILER_APPICON_NAME = AppIcon;
				DEVELOPMENT_TEAM = LD57J9BHN6;
				INFOPLIST_FILE = HJFullscreenPopGestureRecognizerDemo/Info.plist;
				IPHONEOS_DEPLOYMENT_TARGET = 8.0;
				LD_RUNPATH_SEARCH_PATHS = "$(inherited) @executable_path/Frameworks";
				PRODUCT_BUNDLE_IDENTIFIER = com.HJFullscreenPopGestureRecognizerDemo;
				PRODUCT_NAME = "$(TARGET_NAME)";
			};
			name = Release;
		};
/* End XCBuildConfiguration section */

/* Begin XCConfigurationList section */
		6F9953051E88AE2800F6A84B /* Build configuration list for PBXProject "HJFullscreenPopGestureRecognizerDemo" */ = {
			isa = XCConfigurationList;
			buildConfigurations = (
				6F99531F1E88AE2800F6A84B /* Debug */,
				6F9953201E88AE2800F6A84B /* Release */,
			);
			defaultConfigurationIsVisible = 0;
			defaultConfigurationName = Release;
		};
		6F9953211E88AE2800F6A84B /* Build configuration list for PBXNativeTarget "HJFullscreenPopGestureRecognizerDemo" */ = {
			isa = XCConfigurationList;
			buildConfigurations = (
				6F9953221E88AE2800F6A84B /* Debug */,
				6F9953231E88AE2800F6A84B /* Release */,
			);
			defaultConfigurationIsVisible = 0;
		};
/* End XCConfigurationList section */
	};
	rootObject = 6F9953021E88AE2800F6A84B /* Project object */;
}
